
Microsoft Visual Studio Solution File, Format Version 12.00
# Visual Studio Version 17
VisualStudioVersion = 17.13.35828.75 d17.13
MinimumVisualStudioVersion = 10.0.40219.1
Project("{FAE04EC0-301F-11D3-BF4B-00C04F79EFBC}") = "TransportManagementSystemNet8", "TransportManagementSystemNet8\TransportManagementSystemNet8.csproj", "{372CA14C-F669-45A2-9A51-5E8B91C03A50}"
EndProject
Global
	GlobalSection(SolutionConfigurationPlatforms) = preSolution
		Debug|Any CPU = Debug|Any CPU
		Release|Any CPU = Release|Any CPU
	EndGlobalSection
	GlobalSection(ProjectConfigurationPlatforms) = postSolution
		{372CA14C-F669-45A2-9A51-5E8B91C03A50}.Debug|Any CPU.ActiveCfg = Debug|Any CPU
		{372CA14C-F669-45A2-9A51-5E8B91C03A50}.Debug|Any CPU.Build.0 = Debug|Any CPU
		{372CA14C-F669-45A2-9A51-5E8B91C03A50}.Release|Any CPU.ActiveCfg = Release|Any CPU
		{372CA14C-F669-45A2-9A51-5E8B91C03A50}.Release|Any CPU.Build.0 = Release|Any CPU
	EndGlobalSection
	GlobalSection(SolutionProperties) = preSolution
		HideSolutionNode = FALSE
	EndGlobalSection
	GlobalSection(ExtensibilityGlobals) = postSolution
		SolutionGuid = {16680CD6-4B12-4EB0-81D9-ADC0825715E5}
	EndGlobalSection
EndGlobal
