
Microsoft Visual Studio Solution File, Format Version 12.00
# Visual Studio Version 17
VisualStudioVersion = 17.13.35828.75 d17.13
MinimumVisualStudioVersion = 10.0.40219.1
Project("{FAE04EC0-301F-11D3-BF4B-00C04F79EFBC}") = "LoanManagementSystem1", "LoanManagementSystem1\LoanManagementSystem1.csproj", "{87B66759-C09C-4904-86EF-4261CA6714DE}"
EndProject
Global
	GlobalSection(SolutionConfigurationPlatforms) = preSolution
		Debug|Any CPU = Debug|Any CPU
		Release|Any CPU = Release|Any CPU
	EndGlobalSection
	GlobalSection(ProjectConfigurationPlatforms) = postSolution
		{87B66759-C09C-4904-86EF-4261CA6714DE}.Debug|Any CPU.ActiveCfg = Debug|Any CPU
		{87B66759-C09C-4904-86EF-4261CA6714DE}.Debug|Any CPU.Build.0 = Debug|Any CPU
		{87B66759-C09C-4904-86EF-4261CA6714DE}.Release|Any CPU.ActiveCfg = Release|Any CPU
		{87B66759-C09C-4904-86EF-4261CA6714DE}.Release|Any CPU.Build.0 = Release|Any CPU
	EndGlobalSection
	GlobalSection(SolutionProperties) = preSolution
		HideSolutionNode = FALSE
	EndGlobalSection
	GlobalSection(ExtensibilityGlobals) = postSolution
		SolutionGuid = {A96E4CAC-EEDD-4327-99E3-968900FBBF1B}
	EndGlobalSection
EndGlobal
